// !$*UTF8*$!
{
	archiveVersion = 1;
	classes = {
	};
	objectVersion = 55;
	objects = {

/* Begin PBXBuildFile section */
		4DEBD68728D7948A0008F2AB /* RootViewController.swift in Sources */ = {isa = PBXBuildFile; fileRef = 4DEBD68628D7948A0008F2AB /* RootViewController.swift */; };
		4DEC980628D7931400CCF5A0 /* AppDelegate.swift in Sources */ = {isa = PBXBuildFile; fileRef = 4DEC980528D7931400CCF5A0 /* AppDelegate.swift */; };
		4DEC980828D7931400CCF5A0 /* SceneDelegate.swift in Sources */ = {isa = PBXBuildFile; fileRef = 4DEC980728D7931400CCF5A0 /* SceneDelegate.swift */; };
		4DEC980A28D7931400CCF5A0 /* ViewController.swift in Sources */ = {isa = PBXBuildFile; fileRef = 4DEC980928D7931400CCF5A0 /* ViewController.swift */; };
		4DEC980F28D7931500CCF5A0 /* Assets.xcassets in Resources */ = {isa = PBXBuildFile; fileRef = 4DEC980E28D7931500CCF5A0 /* Assets.xcassets */; };
		4DEC981228D7931500CCF5A0 /* LaunchScreen.storyboard in Resources */ = {isa = PBXBuildFile; fileRef = 4DEC981028D7931500CCF5A0 /* LaunchScreen.storyboard */; };
		E91A0C03797C898662A7B6D6 /* Pods_ProfilePageWithSideMenu.framework in Frameworks */ = {isa = PBXBuildFile; fileRef = 5662123214684E31D5A85445 /* Pods_ProfilePageWithSideMenu.framework */; };
/* End PBXBuildFile section */

/* Begin PBXFileReference section */
		4DEBD68628D7948A0008F2AB /* RootViewController.swift */ = {isa = PBXFileReference; lastKnownFileType = sourcecode.swift; path = RootViewController.swift; sourceTree = "<group>"; };
		4DEC980228D7931400CCF5A0 /* ProfilePageWithSideMenu.app */ = {isa = PBXFileReference; explicitFileType = wrapper.application; includeInIndex = 0; path = ProfilePageWithSideMenu.app; sourceTree = BUILT_PRODUCTS_DIR; };
		4DEC980528D7931400CCF5A0 /* AppDelegate.swift */ = {isa = PBXFileReference; lastKnownFileType = sourcecode.swift; path = AppDelegate.swift; sourceTree = "<group>"; };
		4DEC980728D7931400CCF5A0 /* SceneDelegate.swift */ = {isa = PBXFileReference; lastKnownFileType = sourcecode.swift; path = SceneDelegate.swift; sourceTree = "<group>"; };
		4DEC980928D7931400CCF5A0 /* ViewController.swift */ = {isa = PBXFileReference; lastKnownFileType = sourcecode.swift; path = ViewController.swift; sourceTree = "<group>"; };
		4DEC980E28D7931500CCF5A0 /* Assets.xcassets */ = {isa = PBXFileReference; lastKnownFileType = folder.assetcatalog; path = Assets.xcassets; sourceTree = "<group>"; };
		4DEC981128D7931500CCF5A0 /* Base */ = {isa = PBXFileReference; lastKnownFileType = file.storyboard; name = Base; path = Base.lproj/LaunchScreen.storyboard; sourceTree = "<group>"; };
		4DEC981328D7931500CCF5A0 /* Info.plist */ = {isa = PBXFileReference; lastKnownFileType = text.plist.xml; path = Info.plist; sourceTree = "<group>"; };
		5662123214684E31D5A85445 /* Pods_ProfilePageWithSideMenu.framework */ = {isa = PBXFileReference; explicitFileType = wrapper.framework; includeInIndex = 0; path = Pods_ProfilePageWithSideMenu.framework; sourceTree = BUILT_PRODUCTS_DIR; };
		C00A7663615AF5FAC339AA16 /* Pods-ProfilePageWithSideMenu.release.xcconfig */ = {isa = PBXFileReference; includeInIndex = 1; lastKnownFileType = text.xcconfig; name = "Pods-ProfilePageWithSideMenu.release.xcconfig"; path = "Target Support Files/Pods-ProfilePageWithSideMenu/Pods-ProfilePageWithSideMenu.release.xcconfig"; sourceTree = "<group>"; };
		DF7B249DFAB3B50BA8CF05DB /* Pods-ProfilePageWithSideMenu.debug.xcconfig */ = {isa = PBXFileReference; includeInIndex = 1; lastKnownFileType = text.xcconfig; name = "Pods-ProfilePageWithSideMenu.debug.xcconfig"; path = "Target Support Files/Pods-ProfilePageWithSideMenu/Pods-ProfilePageWithSideMenu.debug.xcconfig"; sourceTree = "<group>"; };
/* End PBXFileReference section */

/* Begin PBXFrameworksBuildPhase section */
		4DEC97FF28D7931400CCF5A0 /* Frameworks */ = {
			isa = PBXFrameworksBuildPhase;
			buildActionMask = 2147483647;
			files = (
				E91A0C03797C898662A7B6D6 /* Pods_ProfilePageWithSideMenu.framework in Frameworks */,
			);
			runOnlyForDeploymentPostprocessing = 0;
		};
/* End PBXFrameworksBuildPhase section */

/* Begin PBXGroup section */
		4DEC97F928D7931400CCF5A0 = {
			isa = PBXGroup;
			children = (
				4DEC980428D7931400CCF5A0 /* ProfilePageWithSideMenu */,
				4DEC980328D7931400CCF5A0 /* Products */,
				6FBD0F859A169703D2FF6CA9 /* Pods */,
				51CE90C62C83D44E3E41B70C /* Frameworks */,
			);
			sourceTree = "<group>";
		};
		4DEC980328D7931400CCF5A0 /* Products */ = {
			isa = PBXGroup;
			children = (
				4DEC980228D7931400CCF5A0 /* ProfilePageWithSideMenu.app */,
			);
			name = Products;
			sourceTree = "<group>";
		};
		4DEC980428D7931400CCF5A0 /* ProfilePageWithSideMenu */ = {
			isa = PBXGroup;
			children = (
				4DEC980528D7931400CCF5A0 /* AppDelegate.swift */,
				4DEC980728D7931400CCF5A0 /* SceneDelegate.swift */,
				4DEBD68628D7948A0008F2AB /* RootViewController.swift */,
				4DEC980928D7931400CCF5A0 /* ViewController.swift */,
				4DEC980E28D7931500CCF5A0 /* Assets.xcassets */,
				4DEC981028D7931500CCF5A0 /* LaunchScreen.storyboard */,
				4DEC981328D7931500CCF5A0 /* Info.plist */,
			);
			path = ProfilePageWithSideMenu;
			sourceTree = "<group>";
		};
		51CE90C62C83D44E3E41B70C /* Frameworks */ = {
			isa = PBXGroup;
			children = (
				5662123214684E31D5A85445 /* Pods_ProfilePageWithSideMenu.framework */,
			);
			name = Frameworks;
			sourceTree = "<group>";
		};
		6FBD0F859A169703D2FF6CA9 /* Pods */ = {
			isa = PBXGroup;
			children = (
				DF7B249DFAB3B50BA8CF05DB /* Pods-ProfilePageWithSideMenu.debug.xcconfig */,
				C00A7663615AF5FAC339AA16 /* Pods-ProfilePageWithSideMenu.release.xcconfig */,
			);
			path = Pods;
			sourceTree = "<group>";
		};
/* End PBXGroup section */

/* Begin PBXNativeTarget section */
		4DEC980128D7931400CCF5A0 /* ProfilePageWithSideMenu */ = {
			isa = PBXNativeTarget;
			buildConfigurationList = 4DEC981628D7931500CCF5A0 /* Build configuration list for PBXNativeTarget "ProfilePageWithSideMenu" */;
			buildPhases = (
				2E505A7B08C119C9C01958EF /* [CP] Check Pods Manifest.lock */,
				4DEC97FE28D7931400CCF5A0 /* Sources */,
				4DEC97FF28D7931400CCF5A0 /* Frameworks */,
				4DEC980028D7931400CCF5A0 /* Resources */,
				EC981CE09E37DB625D30A91B /* [CP] Embed Pods Frameworks */,
			);
			buildRules = (
			);
			dependencies = (
			);
			name = ProfilePageWithSideMenu;
			productName = ProfilePageWithSideMenu;
			productReference = 4DEC980228D7931400CCF5A0 /* ProfilePageWithSideMenu.app */;
			productType = "com.apple.product-type.application";
		};
/* End PBXNativeTarget section */

/* Begin PBXProject section */
		4DEC97FA28D7931400CCF5A0 /* Project object */ = {
			isa = PBXProject;
			attributes = {
				BuildIndependentTargetsInParallel = 1;
				LastSwiftUpdateCheck = 1340;
				LastUpgradeCheck = 1340;
				TargetAttributes = {
					4DEC980128D7931400CCF5A0 = {
						CreatedOnToolsVersion = 13.4.1;
					};
				};
			};
			buildConfigurationList = 4DEC97FD28D7931400CCF5A0 /* Build configuration list for PBXProject "ProfilePageWithSideMenu" */;
			compatibilityVersion = "Xcode 13.0";
			developmentRegion = en;
			hasScannedForEncodings = 0;
			knownRegions = (
				en,
				Base,
			);
			mainGroup = 4DEC97F928D7931400CCF5A0;
			productRefGroup = 4DEC980328D7931400CCF5A0 /* Products */;
			projectDirPath = "";
			projectRoot = "";
			targets = (
				4DEC980128D7931400CCF5A0 /* ProfilePageWithSideMenu */,
			);
		};
/* End PBXProject section */

/* Begin PBXResourcesBuildPhase section */
		4DEC980028D7931400CCF5A0 /* Resources */ = {
			isa = PBXResourcesBuildPhase;
			buildActionMask = 2147483647;
			files = (
				4DEC981228D7931500CCF5A0 /* LaunchScreen.storyboard in Resources */,
				4DEC980F28D7931500CCF5A0 /* Assets.xcassets in Resources */,
			);
			runOnlyForDeploymentPostprocessing = 0;
		};
/* End PBXResourcesBuildPhase section */

/* Begin PBXShellScriptBuildPhase section */
		2E505A7B08C119C9C01958EF /* [CP] Check Pods Manifest.lock */ = {
			isa = PBXShellScriptBuildPhase;
			buildActionMask = 2147483647;
			files = (
			);
			inputFileListPaths = (
			);
			inputPaths = (
				"${PODS_PODFILE_DIR_PATH}/Podfile.lock",
				"${PODS_ROOT}/Manifest.lock",
			);
			name = "[CP] Check Pods Manifest.lock";
			outputFileListPaths = (
			);
			outputPaths = (
				"$(DERIVED_FILE_DIR)/Pods-ProfilePageWithSideMenu-checkManifestLockResult.txt",
			);
			runOnlyForDeploymentPostprocessing = 0;
			shellPath = /bin/sh;
			shellScript = "diff \"${PODS_PODFILE_DIR_PATH}/Podfile.lock\" \"${PODS_ROOT}/Manifest.lock\" > /dev/null\nif [ $? != 0 ] ; then\n    # print error to STDERR\n    echo \"error: The sandbox is not in sync with the Podfile.lock. Run 'pod install' or update your CocoaPods installation.\" >&2\n    exit 1\nfi\n# This output is used by Xcode 'outputs' to avoid re-running this script phase.\necho \"SUCCESS\" > \"${SCRIPT_OUTPUT_FILE_0}\"\n";
			showEnvVarsInLog = 0;
		};
		EC981CE09E37DB625D30A91B /* [CP] Embed Pods Frameworks */ = {
			isa = PBXShellScriptBuildPhase;
			buildActionMask = 2147483647;
			files = (
			);
			inputFileListPaths = (
				"${PODS_ROOT}/Target Support Files/Pods-ProfilePageWithSideMenu/Pods-ProfilePageWithSideMenu-frameworks-${CONFIGURATION}-input-files.xcfilelist",
			);
			name = "[CP] Embed Pods Frameworks";
			outputFileListPaths = (
				"${PODS_ROOT}/Target Support Files/Pods-ProfilePageWithSideMenu/Pods-ProfilePageWithSideMenu-frameworks-${CONFIGURATION}-output-files.xcfilelist",
			);
			runOnlyForDeploymentPostprocessing = 0;
			shellPath = /bin/sh;
			shellScript = "\"${PODS_ROOT}/Target Support Files/Pods-ProfilePageWithSideMenu/Pods-ProfilePageWithSideMenu-frameworks.sh\"\n";
			showEnvVarsInLog = 0;
		};
/* End PBXShellScriptBuildPhase section */

/* Begin PBXSourcesBuildPhase section */
		4DEC97FE28D7931400CCF5A0 /* Sources */ = {
			isa = PBXSourcesBuildPhase;
			buildActionMask = 2147483647;
			files = (
				4DEC980A28D7931400CCF5A0 /* ViewController.swift in Sources */,
				4DEC980628D7931400CCF5A0 /* AppDelegate.swift in Sources */,
				4DEBD68728D7948A0008F2AB /* RootViewController.swift in Sources */,
				4DEC980828D7931400CCF5A0 /* SceneDelegate.swift in Sources */,
			);
			runOnlyForDeploymentPostprocessing = 0;
		};
/* End PBXSourcesBuildPhase section */

/* Begin PBXVariantGroup section */
		4DEC981028D7931500CCF5A0 /* LaunchScreen.storyboard */ = {
			isa = PBXVariantGroup;
			children = (
				4DEC981128D7931500CCF5A0 /* Base */,
			);
			name = LaunchScreen.storyboard;
			sourceTree = "<group>";
		};
/* End PBXVariantGroup section */

/* Begin XCBuildConfiguration section */
		4DEC981428D7931500CCF5A0 /* Debug */ = {
			isa = XCBuildConfiguration;
			buildSettings = {
				ALWAYS_SEARCH_USER_PATHS = NO;
				CLANG_ANALYZER_NONNULL = YES;
				CLANG_ANALYZER_NUMBER_OBJECT_CONVERSION = YES_AGGRESSIVE;
				CLANG_CXX_LANGUAGE_STANDARD = "gnu++17";
				CLANG_ENABLE_MODULES = YES;
				CLANG_ENABLE_OBJC_ARC = YES;
				CLANG_ENABLE_OBJC_WEAK = YES;
				CLANG_WARN_BLOCK_CAPTURE_AUTORELEASING = YES;
				CLANG_WARN_BOOL_CONVERSION = YES;
				CLANG_WARN_COMMA = YES;
				CLANG_WARN_CONSTANT_CONVERSION = YES;
				CLANG_WARN_DEPRECATED_OBJC_IMPLEMENTATIONS = YES;
				CLANG_WARN_DIRECT_OBJC_ISA_USAGE = YES_ERROR;
				CLANG_WARN_DOCUMENTATION_COMMENTS = YES;
				CLANG_WARN_EMPTY_BODY = YES;
				CLANG_WARN_ENUM_CONVERSION = YES;
				CLANG_WARN_INFINITE_RECURSION = YES;
				CLANG_WARN_INT_CONVERSION = YES;
				CLANG_WARN_NON_LITERAL_NULL_CONVERSION = YES;
				CLANG_WARN_OBJC_IMPLICIT_RETAIN_SELF = YES;
				CLANG_WARN_OBJC_LITERAL_CONVERSION = YES;
				CLANG_WARN_OBJC_ROOT_CLASS = YES_ERROR;
				CLANG_WARN_QUOTED_INCLUDE_IN_FRAMEWORK_HEADER = YES;
				CLANG_WARN_RANGE_LOOP_ANALYSIS = YES;
				CLANG_WARN_STRICT_PROTOTYPES = YES;
				CLANG_WARN_SUSPICIOUS_MOVE = YES;
				CLANG_WARN_UNGUARDED_AVAILABILITY = YES_AGGRESSIVE;
				CLANG_WARN_UNREACHABLE_CODE = YES;
				CLANG_WARN__DUPLICATE_METHOD_MATCH = YES;
				COPY_PHASE_STRIP = NO;
				DEBUG_INFORMATION_FORMAT = dwarf;
				ENABLE_STRICT_OBJC_MSGSEND = YES;
				ENABLE_TESTABILITY = YES;
				GCC_C_LANGUAGE_STANDARD = gnu11;
				GCC_DYNAMIC_NO_PIC = NO;
				GCC_NO_COMMON_BLOCKS = YES;
				GCC_OPTIMIZATION_LEVEL = 0;
				GCC_PREPROCESSOR_DEFINITIONS = (
					"DEBUG=1",
					"$(inherited)",
				);
				GCC_WARN_64_TO_32_BIT_CONVERSION = YES;
				GCC_WARN_ABOUT_RETURN_TYPE = YES_ERROR;
				GCC_WARN_UNDECLARED_SELECTOR = YES;
				GCC_WARN_UNINITIALIZED_AUTOS = YES_AGGRESSIVE;
				GCC_WARN_UNUSED_FUNCTION = YES;
				GCC_WARN_UNUSED_VARIABLE = YES;
				IPHONEOS_DEPLOYMENT_TARGET = 15.5;
				MTL_ENABLE_DEBUG_INFO = INCLUDE_SOURCE;
				MTL_FAST_MATH = YES;
				ONLY_ACTIVE_ARCH = YES;
				SDKROOT = iphoneos;
				SWIFT_ACTIVE_COMPILATION_CONDITIONS = DEBUG;
				SWIFT_OPTIMIZATION_LEVEL = "-Onone";
			};
			name = Debug;
		};
		4DEC981528D7931500CCF5A0 /* Release */ = {
			isa = XCBuildConfiguration;
			buildSettings = {
				ALWAYS_SEARCH_USER_PATHS = NO;
				CLANG_ANALYZER_NONNULL = YES;
				CLANG_ANALYZER_NUMBER_OBJECT_CONVERSION = YES_AGGRESSIVE;
				CLANG_CXX_LANGUAGE_STANDARD = "gnu++17";
				CLANG_ENABLE_MODULES = YES;
				CLANG_ENABLE_OBJC_ARC = YES;
				CLANG_ENABLE_OBJC_WEAK = YES;
				CLANG_WARN_BLOCK_CAPTURE_AUTORELEASING = YES;
				CLANG_WARN_BOOL_CONVERSION = YES;
				CLANG_WARN_COMMA = YES;
				CLANG_WARN_CONSTANT_CONVERSION = YES;
				CLANG_WARN_DEPRECATED_OBJC_IMPLEMENTATIONS = YES;
				CLANG_WARN_DIRECT_OBJC_ISA_USAGE = YES_ERROR;
				CLANG_WARN_DOCUMENTATION_COMMENTS = YES;
				CLANG_WARN_EMPTY_BODY = YES;
				CLANG_WARN_ENUM_CONVERSION = YES;
				CLANG_WARN_INFINITE_RECURSION = YES;
				CLANG_WARN_INT_CONVERSION = YES;
				CLANG_WARN_NON_LITERAL_NULL_CONVERSION = YES;
				CLANG_WARN_OBJC_IMPLICIT_RETAIN_SELF = YES;
				CLANG_WARN_OBJC_LITERAL_CONVERSION = YES;
				CLANG_WARN_OBJC_ROOT_CLASS = YES_ERROR;
				CLANG_WARN_QUOTED_INCLUDE_IN_FRAMEWORK_HEADER = YES;
				CLANG_WARN_RANGE_LOOP_ANALYSIS = YES;
				CLANG_WARN_STRICT_PROTOTYPES = YES;
				CLANG_WARN_SUSPICIOUS_MOVE = YES;
				CLANG_WARN_UNGUARDED_AVAILABILITY = YES_AGGRESSIVE;
				CLANG_WARN_UNREACHABLE_CODE = YES;
				CLANG_WARN__DUPLICATE_METHOD_MATCH = YES;
				COPY_PHASE_STRIP = NO;
				DEBUG_INFORMATION_FORMAT = "dwarf-with-dsym";
				ENABLE_NS_ASSERTIONS = NO;
				ENABLE_STRICT_OBJC_MSGSEND = YES;
				GCC_C_LANGUAGE_STANDARD = gnu11;
				GCC_NO_COMMON_BLOCKS = YES;
				GCC_WARN_64_TO_32_BIT_CONVERSION = YES;
				GCC_WARN_ABOUT_RETURN_TYPE = YES_ERROR;
				GCC_WARN_UNDECLARED_SELECTOR = YES;
				GCC_WARN_UNINITIALIZED_AUTOS = YES_AGGRESSIVE;
				GCC_WARN_UNUSED_FUNCTION = YES;
				GCC_WARN_UNUSED_VARIABLE = YES;
				IPHONEOS_DEPLOYMENT_TARGET = 15.5;
				MTL_ENABLE_DEBUG_INFO = NO;
				MTL_FAST_MATH = YES;
				SDKROOT = iphoneos;
				SWIFT_COMPILATION_MODE = wholemodule;
				SWIFT_OPTIMIZATION_LEVEL = "-O";
				VALIDATE_PRODUCT = YES;
			};
			name = Release;
		};
		4DEC981728D7931500CCF5A0 /* Debug */ = {
			isa = XCBuildConfiguration;
			baseConfigurationReference = DF7B249DFAB3B50BA8CF05DB /* Pods-ProfilePageWithSideMenu.debug.xcconfig */;
			buildSettings = {
				ASSETCATALOG_COMPILER_APPICON_NAME = AppIcon;
				ASSETCATALOG_COMPILER_GLOBAL_ACCENT_COLOR_NAME = AccentColor;
				CODE_SIGN_STYLE = Automatic;
				CURRENT_PROJECT_VERSION = 1;
				DEVELOPMENT_TEAM = 597UW8QG76;
				GENERATE_INFOPLIST_FILE = YES;
				INFOPLIST_FILE = ProfilePageWithSideMenu/Info.plist;
				INFOPLIST_KEY_UIApplicationSupportsIndirectInputEvents = YES;
				INFOPLIST_KEY_UILaunchStoryboardName = LaunchScreen;
				INFOPLIST_KEY_UISupportedInterfaceOrientations_iPad = "UIInterfaceOrientationPortrait UIInterfaceOrientationPortraitUpsideDown UIInterfaceOrientationLandscapeLeft UIInterfaceOrientationLandscapeRight";
				INFOPLIST_KEY_UISupportedInterfaceOrientations_iPhone = "UIInterfaceOrientationPortrait UIInterfaceOrientationLandscapeLeft UIInterfaceOrientationLandscapeRight";
				LD_RUNPATH_SEARCH_PATHS = (
					"$(inherited)",
					"@executable_path/Frameworks",
				);
				MARKETING_VERSION = 1.0;
				PRODUCT_BUNDLE_IDENTIFIER = nopassport.ProfilePageWithSideMenu;
				PRODUCT_NAME = "$(TARGET_NAME)";
				SWIFT_EMIT_LOC_STRINGS = YES;
				SWIFT_VERSION = 5.0;
				TARGETED_DEVICE_FAMILY = "1,2";
			};
			name = Debug;
		};
		4DEC981828D7931500CCF5A0 /* Release */ = {
			isa = XCBuildConfiguration;
			baseConfigurationReference = C00A7663615AF5FAC339AA16 /* Pods-ProfilePageWithSideMenu.release.xcconfig */;
			buildSettings = {
				ASSETCATALOG_COMPILER_APPICON_NAME = AppIcon;
				ASSETCATALOG_COMPILER_GLOBAL_ACCENT_COLOR_NAME = AccentColor;
				CODE_SIGN_STYLE = Automatic;
				CURRENT_PROJECT_VERSION = 1;
				DEVELOPMENT_TEAM = 597UW8QG76;
				GENERATE_INFOPLIST_FILE = YES;
				INFOPLIST_FILE = ProfilePageWithSideMenu/Info.plist;
				INFOPLIST_KEY_UIApplicationSupportsIndirectInputEvents = YES;
				INFOPLIST_KEY_UILaunchStoryboardName = LaunchScreen;
				INFOPLIST_KEY_UISupportedInterfaceOrientations_iPad = "UIInterfaceOrientationPortrait UIInterfaceOrientationPortraitUpsideDown UIInterfaceOrientationLandscapeLeft UIInterfaceOrientationLandscapeRight";
				INFOPLIST_KEY_UISupportedInterfaceOrientations_iPhone = "UIInterfaceOrientationPortrait UIInterfaceOrientationLandscapeLeft UIInterfaceOrientationLandscapeRight";
				LD_RUNPATH_SEARCH_PATHS = (
					"$(inherited)",
					"@executable_path/Frameworks",
				);
				MARKETING_VERSION = 1.0;
				PRODUCT_BUNDLE_IDENTIFIER = nopassport.ProfilePageWithSideMenu;
				PRODUCT_NAME = "$(TARGET_NAME)";
				SWIFT_EMIT_LOC_STRINGS = YES;
				SWIFT_VERSION = 5.0;
				TARGETED_DEVICE_FAMILY = "1,2";
			};
			name = Release;
		};
/* End XCBuildConfiguration section */

/* Begin XCConfigurationList section */
		4DEC97FD28D7931400CCF5A0 /* Build configuration list for PBXProject "ProfilePageWithSideMenu" */ = {
			isa = XCConfigurationList;
			buildConfigurations = (
				4DEC981428D7931500CCF5A0 /* Debug */,
				4DEC981528D7931500CCF5A0 /* Release */,
			);
			defaultConfigurationIsVisible = 0;
			defaultConfigurationName = Release;
		};
		4DEC981628D7931500CCF5A0 /* Build configuration list for PBXNativeTarget "ProfilePageWithSideMenu" */ = {
			isa = XCConfigurationList;
			buildConfigurations = (
				4DEC981728D7931500CCF5A0 /* Debug */,
				4DEC981828D7931500CCF5A0 /* Release */,
			);
			defaultConfigurationIsVisible = 0;
			defaultConfigurationName = Release;
		};
/* End XCConfigurationList section */
	};
	rootObject = 4DEC97FA28D7931400CCF5A0 /* Project object */;
}
